
Microsoft Visual Studio Solution File, Format Version 12.00
# Visual Studio 15
VisualStudioVersion = 15.0.27130.2027
MinimumVisualStudioVersion = 10.0.40219.1
Project("{FAE04EC0-301F-11D3-BF4B-00C04F79EFBC}") = "IPSecLite", "IPSecLite\IPSecLite.csproj", "{77DFCE5E-AD4F-4784-A6E1-752060C433FC}"
EndProject
Global
	GlobalSection(SolutionConfigurationPlatforms) = preSolution
		Debug|Any CPU = Debug|Any CPU
		Release|Any CPU = Release|Any CPU
	EndGlobalSection
	GlobalSection(ProjectConfigurationPlatforms) = postSolution
		{77DFCE5E-AD4F-4784-A6E1-752060C433FC}.Debug|Any CPU.ActiveCfg = Debug|Any CPU
		{77DFCE5E-AD4F-4784-A6E1-752060C433FC}.Debug|Any CPU.Build.0 = Debug|Any CPU
		{77DFCE5E-AD4F-4784-A6E1-752060C433FC}.Release|Any CPU.ActiveCfg = Release|Any CPU
		{77DFCE5E-AD4F-4784-A6E1-752060C433FC}.Release|Any CPU.Build.0 = Release|Any CPU
	EndGlobalSection
	GlobalSection(SolutionProperties) = preSolution
		HideSolutionNode = FALSE
	EndGlobalSection
	GlobalSection(ExtensibilityGlobals) = postSolution
		SolutionGuid = {7A76CB7A-3407-49AB-AD37-6705D153AA22}
	EndGlobalSection
EndGlobal
